
Microsoft Visual Studio Solution File, Format Version 12.00
# Visual Studio Version 17
VisualStudioVersion = 17.5.002.0
MinimumVisualStudioVersion = 10.0.40219.1
Project("{9A19103F-16F7-4668-BE54-9A1E7A4F7556}") = "finishtest", "finishtest.csproj", "{95509CA5-ABAF-4659-A4F8-1B6D93DEFE29}"
EndProject
Global
	GlobalSection(SolutionConfigurationPlatforms) = preSolution
		Debug|Any CPU = Debug|Any CPU
		Release|Any CPU = Release|Any CPU
	EndGlobalSection
	GlobalSection(ProjectConfigurationPlatforms) = postSolution
		{95509CA5-ABAF-4659-A4F8-1B6D93DEFE29}.Debug|Any CPU.ActiveCfg = Debug|Any CPU
		{95509CA5-ABAF-4659-A4F8-1B6D93DEFE29}.Debug|Any CPU.Build.0 = Debug|Any CPU
		{95509CA5-ABAF-4659-A4F8-1B6D93DEFE29}.Release|Any CPU.ActiveCfg = Release|Any CPU
		{95509CA5-ABAF-4659-A4F8-1B6D93DEFE29}.Release|Any CPU.Build.0 = Release|Any CPU
	EndGlobalSection
	GlobalSection(SolutionProperties) = preSolution
		HideSolutionNode = FALSE
	EndGlobalSection
	GlobalSection(ExtensibilityGlobals) = postSolution
		SolutionGuid = {CF58D1D7-C760-4BAC-A550-3C1ABFD2A637}
	EndGlobalSection
EndGlobal
